{
  "name": "roti-kapda-makaan",
  "version": "1.0.0",
  "lockfileVersion": 1,
  "requires": true,
  "dependencies": {
    "@types/random-number-csprng": {
      "version": "1.0.0",
      "resolved": "https://registry.npmjs.org/@types/random-number-csprng/-/random-number-csprng-1.0.0.tgz",
      "integrity": "sha512-JmNWSCGbay5HGkHb/WF0Ju3XTHP0tMLUhAOk4fsw+b1GQ9rC/WP9uLeuulWLVERCg3KoyTCNzsJX4jSi4ShKaw==",
      "dev": true
    },
    "bluebird": {
      "version": "3.7.2",
      "resolved": "https://registry.npmjs.org/bluebird/-/bluebird-3.7.2.tgz",
      "integrity": "sha512-XpNj6GDQzdfW+r2Wnn7xiSAd7TM3jzkxGXBGTtWKuSXv1xUV+azxAm8jdWZN06QTQk+2N2XB9jRDkvbmQmcRtg=="
    },
    "create-error": {
      "version": "0.3.1",
      "resolved": "https://registry.npmjs.org/create-error/-/create-error-0.3.1.tgz",
      "integrity": "sha1-aYECRaYp5lRDK/BDdzYAA6U1GiM="
    },
    "random-number-csprng": {
      "version": "1.0.2",
      "resolved": "https://registry.npmjs.org/random-number-csprng/-/random-number-csprng-1.0.2.tgz",
      "integrity": "sha1-/NEg5i3/wsB2dMfD/gHhayX3OiY=",
      "requires": {
        "bluebird": "^3.3.3",
        "create-error": "^0.3.1"
      }
    }
  }
}
